// !$*UTF8*$!
{
	archiveVersion = 1;
	classes = {
	};
	objectVersion = 46;
	objects = {

/* Begin PBXBuildFile section */
		79B4DD54892A1764D0DE6E85 /* Pods_ActividadEnClase1IOS.framework in Frameworks */ = {isa = PBXBuildFile; fileRef = 32BE45C0708F58CDF1AC5E18 /* Pods_ActividadEnClase1IOS.framework */; };
		BE63665B2D2768A915FBEE21 /* Pods_ActividadEnClase1IOSUITests.framework in Frameworks */ = {isa = PBXBuildFile; fileRef = E85B759506C7C72FDF2AADA1 /* Pods_ActividadEnClase1IOSUITests.framework */; };
		C4000C081E898DFD0040F9E0 /* VCtabla.swift in Sources */ = {isa = PBXBuildFile; fileRef = C4000C071E898DFD0040F9E0 /* VCtabla.swift */; };
		C405D6EF1E8ABF18008AD570 /* Maps.swift in Sources */ = {isa = PBXBuildFile; fileRef = C405D6EE1E8ABF18008AD570 /* Maps.swift */; };
		C4067AE31E8AB33100F9C7F4 /* CVCMiCelda.swift in Sources */ = {isa = PBXBuildFile; fileRef = C4067AE21E8AB33100F9C7F4 /* CVCMiCelda.swift */; };
		C4067AE51E8ABD9A00F9C7F4 /* MapKit.framework in Frameworks */ = {isa = PBXBuildFile; fileRef = C4067AE41E8ABD9A00F9C7F4 /* MapKit.framework */; };
		C41D92BE1EA8A26000CB7C32 /* LocationAdmin.swift in Sources */ = {isa = PBXBuildFile; fileRef = C41D92BD1EA8A26000CB7C32 /* LocationAdmin.swift */; };
		C43478BE1E93F7F800970E95 /* GoogleService-Info.plist in Resources */ = {isa = PBXBuildFile; fileRef = C43478BD1E93F7F800970E95 /* GoogleService-Info.plist */; };
		C45230551E8125790084417F /* igalia_m.jpg in Resources */ = {isa = PBXBuildFile; fileRef = C45230541E8125790084417F /* igalia_m.jpg */; };
		C47967521EA7D229005A5151 /* Usuario.swift in Sources */ = {isa = PBXBuildFile; fileRef = C47967511EA7D229005A5151 /* Usuario.swift */; };
		C4869FF51E81960000F2405E /* ViewControllerRegistro.swift in Sources */ = {isa = PBXBuildFile; fileRef = C4869FF41E81960000F2405E /* ViewControllerRegistro.swift */; };
		C4869FF81E8199A200F2405E /* Main.storyboard in Resources */ = {isa = PBXBuildFile; fileRef = C4869FF61E8199A200F2405E /* Main.storyboard */; };
		C4869FFA1E81A23300F2405E /* DataHolder.swift in Sources */ = {isa = PBXBuildFile; fileRef = C4869FF91E81A23300F2405E /* DataHolder.swift */; };
		C49AAFB21E8A5800000B4A6C /* TVCMiCelda.swift in Sources */ = {isa = PBXBuildFile; fileRef = C49AAFB11E8A5800000B4A6C /* TVCMiCelda.swift */; };
		C4ECC09E1E8A8E0100D549D3 /* VCConexion.swift in Sources */ = {isa = PBXBuildFile; fileRef = C4ECC09D1E8A8E0100D549D3 /* VCConexion.swift */; };
		C4F7F6D11E780A3A00DD3A82 /* AppDelegate.swift in Sources */ = {isa = PBXBuildFile; fileRef = C4F7F6D01E780A3A00DD3A82 /* AppDelegate.swift */; };
		C4F7F6D31E780A3A00DD3A82 /* ViewControllerLogin.swift in Sources */ = {isa = PBXBuildFile; fileRef = C4F7F6D21E780A3A00DD3A82 /* ViewControllerLogin.swift */; };
		C4F7F6D81E780A3A00DD3A82 /* Assets.xcassets in Resources */ = {isa = PBXBuildFile; fileRef = C4F7F6D71E780A3A00DD3A82 /* Assets.xcassets */; };
		C4F7F6DB1E780A3A00DD3A82 /* LaunchScreen.storyboard in Resources */ = {isa = PBXBuildFile; fileRef = C4F7F6D91E780A3A00DD3A82 /* LaunchScreen.storyboard */; };
		C4F7F6E61E780A3A00DD3A82 /* ActividadEnClase1IOSTests.swift in Sources */ = {isa = PBXBuildFile; fileRef = C4F7F6E51E780A3A00DD3A82 /* ActividadEnClase1IOSTests.swift */; };
		C4F7F6F11E780A3A00DD3A82 /* ActividadEnClase1IOSUITests.swift in Sources */ = {isa = PBXBuildFile; fileRef = C4F7F6F01E780A3A00DD3A82 /* ActividadEnClase1IOSUITests.swift */; };
		D7388792254234CC22F21C1B /* Pods_ActividadEnClase1IOSTests.framework in Frameworks */ = {isa = PBXBuildFile; fileRef = D2EEC8653D24EF1F38B8CB5F /* Pods_ActividadEnClase1IOSTests.framework */; };
/* End PBXBuildFile section */

/* Begin PBXContainerItemProxy section */
		C4F7F6E21E780A3A00DD3A82 /* PBXContainerItemProxy */ = {
			isa = PBXContainerItemProxy;
			containerPortal = C4F7F6C51E780A3A00DD3A82 /* Project object */;
			proxyType = 1;
			remoteGlobalIDString = C4F7F6CC1E780A3A00DD3A82;
			remoteInfo = ActividadEnClase1IOS;
		};
		C4F7F6ED1E780A3A00DD3A82 /* PBXContainerItemProxy */ = {
			isa = PBXContainerItemProxy;
			containerPortal = C4F7F6C51E780A3A00DD3A82 /* Project object */;
			proxyType = 1;
			remoteGlobalIDString = C4F7F6CC1E780A3A00DD3A82;
			remoteInfo = ActividadEnClase1IOS;
		};
/* End PBXContainerItemProxy section */

/* Begin PBXFileReference section */
		11ABD46C0E0E753BFE596E03 /* Pods-ActividadEnClase1IOS.release.xcconfig */ = {isa = PBXFileReference; includeInIndex = 1; lastKnownFileType = text.xcconfig; name = "Pods-ActividadEnClase1IOS.release.xcconfig"; path = "Pods/Target Support Files/Pods-ActividadEnClase1IOS/Pods-ActividadEnClase1IOS.release.xcconfig"; sourceTree = "<group>"; };
		2DF5D72382120F05E2D53085 /* Pods-ActividadEnClase1IOS.debug.xcconfig */ = {isa = PBXFileReference; includeInIndex = 1; lastKnownFileType = text.xcconfig; name = "Pods-ActividadEnClase1IOS.debug.xcconfig"; path = "Pods/Target Support Files/Pods-ActividadEnClase1IOS/Pods-ActividadEnClase1IOS.debug.xcconfig"; sourceTree = "<group>"; };
		2E759F098B33AE66F92B8117 /* Pods-ActividadEnClase1IOSTests.debug.xcconfig */ = {isa = PBXFileReference; includeInIndex = 1; lastKnownFileType = text.xcconfig; name = "Pods-ActividadEnClase1IOSTests.debug.xcconfig"; path = "Pods/Target Support Files/Pods-ActividadEnClase1IOSTests/Pods-ActividadEnClase1IOSTests.debug.xcconfig"; sourceTree = "<group>"; };
		32BE45C0708F58CDF1AC5E18 /* Pods_ActividadEnClase1IOS.framework */ = {isa = PBXFileReference; explicitFileType = wrapper.framework; includeInIndex = 0; path = Pods_ActividadEnClase1IOS.framework; sourceTree = BUILT_PRODUCTS_DIR; };
		6096D921E752AE002C483D60 /* Pods-ActividadEnClase1IOSUITests.release.xcconfig */ = {isa = PBXFileReference; includeInIndex = 1; lastKnownFileType = text.xcconfig; name = "Pods-ActividadEnClase1IOSUITests.release.xcconfig"; path = "Pods/Target Support Files/Pods-ActividadEnClase1IOSUITests/Pods-ActividadEnClase1IOSUITests.release.xcconfig"; sourceTree = "<group>"; };
		857104F05CB510824CD15285 /* Pods-ActividadEnClase1IOSTests.release.xcconfig */ = {isa = PBXFileReference; includeInIndex = 1; lastKnownFileType = text.xcconfig; name = "Pods-ActividadEnClase1IOSTests.release.xcconfig"; path = "Pods/Target Support Files/Pods-ActividadEnClase1IOSTests/Pods-ActividadEnClase1IOSTests.release.xcconfig"; sourceTree = "<group>"; };
		C4000C071E898DFD0040F9E0 /* VCtabla.swift */ = {isa = PBXFileReference; fileEncoding = 4; lastKnownFileType = sourcecode.swift; path = VCtabla.swift; sourceTree = "<group>"; };
		C405D6EE1E8ABF18008AD570 /* Maps.swift */ = {isa = PBXFileReference; fileEncoding = 4; lastKnownFileType = sourcecode.swift; path = Maps.swift; sourceTree = "<group>"; };
		C4067AE21E8AB33100F9C7F4 /* CVCMiCelda.swift */ = {isa = PBXFileReference; fileEncoding = 4; lastKnownFileType = sourcecode.swift; path = CVCMiCelda.swift; sourceTree = "<group>"; };
		C4067AE41E8ABD9A00F9C7F4 /* MapKit.framework */ = {isa = PBXFileReference; lastKnownFileType = wrapper.framework; name = MapKit.framework; path = System/Library/Frameworks/MapKit.framework; sourceTree = SDKROOT; };
		C41D92BD1EA8A26000CB7C32 /* LocationAdmin.swift */ = {isa = PBXFileReference; fileEncoding = 4; lastKnownFileType = sourcecode.swift; path = LocationAdmin.swift; sourceTree = "<group>"; };
		C43478BD1E93F7F800970E95 /* GoogleService-Info.plist */ = {isa = PBXFileReference; fileEncoding = 4; lastKnownFileType = text.plist.xml; name = "GoogleService-Info.plist"; path = "../GoogleService-Info.plist"; sourceTree = "<group>"; };
		C45230541E8125790084417F /* igalia_m.jpg */ = {isa = PBXFileReference; lastKnownFileType = image.jpeg; name = igalia_m.jpg; path = Recursos/igalia_m.jpg; sourceTree = "<group>"; };
		C47967511EA7D229005A5151 /* Usuario.swift */ = {isa = PBXFileReference; fileEncoding = 4; lastKnownFileType = sourcecode.swift; path = Usuario.swift; sourceTree = "<group>"; };
		C4869FF41E81960000F2405E /* ViewControllerRegistro.swift */ = {isa = PBXFileReference; fileEncoding = 4; lastKnownFileType = sourcecode.swift; path = ViewControllerRegistro.swift; sourceTree = "<group>"; };
		C4869FF71E8199A200F2405E /* Base */ = {isa = PBXFileReference; lastKnownFileType = file.storyboard; name = Base; path = ActividadEnClase1IOS/Base.lproj/Main.storyboard; sourceTree = "<group>"; };
		C4869FF91E81A23300F2405E /* DataHolder.swift */ = {isa = PBXFileReference; fileEncoding = 4; lastKnownFileType = sourcecode.swift; name = DataHolder.swift; path = ../DataHolder.swift; sourceTree = "<group>"; };
		C49AAFB11E8A5800000B4A6C /* TVCMiCelda.swift */ = {isa = PBXFileReference; fileEncoding = 4; lastKnownFileType = sourcecode.swift; path = TVCMiCelda.swift; sourceTree = "<group>"; };
		C4ECC09D1E8A8E0100D549D3 /* VCConexion.swift */ = {isa = PBXFileReference; fileEncoding = 4; lastKnownFileType = sourcecode.swift; path = VCConexion.swift; sourceTree = "<group>"; };
		C4F7F6CD1E780A3A00DD3A82 /* ActividadEnClase1IOS.app */ = {isa = PBXFileReference; explicitFileType = wrapper.application; includeInIndex = 0; path = ActividadEnClase1IOS.app; sourceTree = BUILT_PRODUCTS_DIR; };
		C4F7F6D01E780A3A00DD3A82 /* AppDelegate.swift */ = {isa = PBXFileReference; lastKnownFileType = sourcecode.swift; path = AppDelegate.swift; sourceTree = "<group>"; };
		C4F7F6D21E780A3A00DD3A82 /* ViewControllerLogin.swift */ = {isa = PBXFileReference; lastKnownFileType = sourcecode.swift; path = ViewControllerLogin.swift; sourceTree = "<group>"; };
		C4F7F6D71E780A3A00DD3A82 /* Assets.xcassets */ = {isa = PBXFileReference; lastKnownFileType = folder.assetcatalog; path = Assets.xcassets; sourceTree = "<group>"; };
		C4F7F6DA1E780A3A00DD3A82 /* Base */ = {isa = PBXFileReference; lastKnownFileType = file.storyboard; name = Base; path = Base.lproj/LaunchScreen.storyboard; sourceTree = "<group>"; };
		C4F7F6DC1E780A3A00DD3A82 /* Info.plist */ = {isa = PBXFileReference; lastKnownFileType = text.plist.xml; path = Info.plist; sourceTree = "<group>"; };
		C4F7F6E11E780A3A00DD3A82 /* ActividadEnClase1IOSTests.xctest */ = {isa = PBXFileReference; explicitFileType = wrapper.cfbundle; includeInIndex = 0; path = ActividadEnClase1IOSTests.xctest; sourceTree = BUILT_PRODUCTS_DIR; };
		C4F7F6E51E780A3A00DD3A82 /* ActividadEnClase1IOSTests.swift */ = {isa = PBXFileReference; lastKnownFileType = sourcecode.swift; path = ActividadEnClase1IOSTests.swift; sourceTree = "<group>"; };
		C4F7F6E71E780A3A00DD3A82 /* Info.plist */ = {isa = PBXFileReference; lastKnownFileType = text.plist.xml; path = Info.plist; sourceTree = "<group>"; };
		C4F7F6EC1E780A3A00DD3A82 /* ActividadEnClase1IOSUITests.xctest */ = {isa = PBXFileReference; explicitFileType = wrapper.cfbundle; includeInIndex = 0; path = ActividadEnClase1IOSUITests.xctest; sourceTree = BUILT_PRODUCTS_DIR; };
		C4F7F6F01E780A3A00DD3A82 /* ActividadEnClase1IOSUITests.swift */ = {isa = PBXFileReference; lastKnownFileType = sourcecode.swift; path = ActividadEnClase1IOSUITests.swift; sourceTree = "<group>"; };
		C4F7F6F21E780A3A00DD3A82 /* Info.plist */ = {isa = PBXFileReference; lastKnownFileType = text.plist.xml; path = Info.plist; sourceTree = "<group>"; };
		D2EEC8653D24EF1F38B8CB5F /* Pods_ActividadEnClase1IOSTests.framework */ = {isa = PBXFileReference; explicitFileType = wrapper.framework; includeInIndex = 0; path = Pods_ActividadEnClase1IOSTests.framework; sourceTree = BUILT_PRODUCTS_DIR; };
		E85B759506C7C72FDF2AADA1 /* Pods_ActividadEnClase1IOSUITests.framework */ = {isa = PBXFileReference; explicitFileType = wrapper.framework; includeInIndex = 0; path = Pods_ActividadEnClase1IOSUITests.framework; sourceTree = BUILT_PRODUCTS_DIR; };
		F403F0AE5018E5F8232E7546 /* Pods-ActividadEnClase1IOSUITests.debug.xcconfig */ = {isa = PBXFileReference; includeInIndex = 1; lastKnownFileType = text.xcconfig; name = "Pods-ActividadEnClase1IOSUITests.debug.xcconfig"; path = "Pods/Target Support Files/Pods-ActividadEnClase1IOSUITests/Pods-ActividadEnClase1IOSUITests.debug.xcconfig"; sourceTree = "<group>"; };
/* End PBXFileReference section */

/* Begin PBXFrameworksBuildPhase section */
		C4F7F6CA1E780A3A00DD3A82 /* Frameworks */ = {
			isa = PBXFrameworksBuildPhase;
			buildActionMask = 2147483647;
			files = (
				C4067AE51E8ABD9A00F9C7F4 /* MapKit.framework in Frameworks */,
				79B4DD54892A1764D0DE6E85 /* Pods_ActividadEnClase1IOS.framework in Frameworks */,
			);
			runOnlyForDeploymentPostprocessing = 0;
		};
		C4F7F6DE1E780A3A00DD3A82 /* Frameworks */ = {
			isa = PBXFrameworksBuildPhase;
			buildActionMask = 2147483647;
			files = (
				D7388792254234CC22F21C1B /* Pods_ActividadEnClase1IOSTests.framework in Frameworks */,
			);
			runOnlyForDeploymentPostprocessing = 0;
		};
		C4F7F6E91E780A3A00DD3A82 /* Frameworks */ = {
			isa = PBXFrameworksBuildPhase;
			buildActionMask = 2147483647;
			files = (
				BE63665B2D2768A915FBEE21 /* Pods_ActividadEnClase1IOSUITests.framework in Frameworks */,
			);
			runOnlyForDeploymentPostprocessing = 0;
		};
/* End PBXFrameworksBuildPhase section */

/* Begin PBXGroup section */
		98E505CE5B33DE43BC55DEED /* Frameworks */ = {
			isa = PBXGroup;
			children = (
				C4067AE41E8ABD9A00F9C7F4 /* MapKit.framework */,
				32BE45C0708F58CDF1AC5E18 /* Pods_ActividadEnClase1IOS.framework */,
				D2EEC8653D24EF1F38B8CB5F /* Pods_ActividadEnClase1IOSTests.framework */,
				E85B759506C7C72FDF2AADA1 /* Pods_ActividadEnClase1IOSUITests.framework */,
			);
			name = Frameworks;
			sourceTree = "<group>";
		};
		C4F7F6C41E780A3A00DD3A82 = {
			isa = PBXGroup;
			children = (
				C4F7F6CF1E780A3A00DD3A82 /* ActividadEnClase1IOS */,
				C4F7F6E41E780A3A00DD3A82 /* ActividadEnClase1IOSTests */,
				C4F7F6EF1E780A3A00DD3A82 /* ActividadEnClase1IOSUITests */,
				C4F7F6CE1E780A3A00DD3A82 /* Products */,
				F496B3FB453EAB5FBB63AE6B /* Pods */,
				98E505CE5B33DE43BC55DEED /* Frameworks */,
			);
			sourceTree = "<group>";
		};
		C4F7F6CE1E780A3A00DD3A82 /* Products */ = {
			isa = PBXGroup;
			children = (
				C4F7F6CD1E780A3A00DD3A82 /* ActividadEnClase1IOS.app */,
				C4F7F6E11E780A3A00DD3A82 /* ActividadEnClase1IOSTests.xctest */,
				C4F7F6EC1E780A3A00DD3A82 /* ActividadEnClase1IOSUITests.xctest */,
			);
			name = Products;
			sourceTree = "<group>";
		};
		C4F7F6CF1E780A3A00DD3A82 /* ActividadEnClase1IOS */ = {
			isa = PBXGroup;
			children = (
				C45230541E8125790084417F /* igalia_m.jpg */,
				C4F7F6D01E780A3A00DD3A82 /* AppDelegate.swift */,
				C4869FF61E8199A200F2405E /* Main.storyboard */,
				C4F7F6D71E780A3A00DD3A82 /* Assets.xcassets */,
				C4F7F6D91E780A3A00DD3A82 /* LaunchScreen.storyboard */,
				C4F7F6DC1E780A3A00DD3A82 /* Info.plist */,
				C4F7F6D21E780A3A00DD3A82 /* ViewControllerLogin.swift */,
				C4869FF41E81960000F2405E /* ViewControllerRegistro.swift */,
				C4869FF91E81A23300F2405E /* DataHolder.swift */,
				C4000C071E898DFD0040F9E0 /* VCtabla.swift */,
				C49AAFB11E8A5800000B4A6C /* TVCMiCelda.swift */,
				C4ECC09D1E8A8E0100D549D3 /* VCConexion.swift */,
				C4067AE21E8AB33100F9C7F4 /* CVCMiCelda.swift */,
				C405D6EE1E8ABF18008AD570 /* Maps.swift */,
				C43478BD1E93F7F800970E95 /* GoogleService-Info.plist */,
				C47967511EA7D229005A5151 /* Usuario.swift */,
				C41D92BD1EA8A26000CB7C32 /* LocationAdmin.swift */,
			);
			path = ActividadEnClase1IOS;
			sourceTree = "<group>";
		};
		C4F7F6E41E780A3A00DD3A82 /* ActividadEnClase1IOSTests */ = {
			isa = PBXGroup;
			children = (
				C4F7F6E51E780A3A00DD3A82 /* ActividadEnClase1IOSTests.swift */,
				C4F7F6E71E780A3A00DD3A82 /* Info.plist */,
			);
			path = ActividadEnClase1IOSTests;
			sourceTree = "<group>";
		};
		C4F7F6EF1E780A3A00DD3A82 /* ActividadEnClase1IOSUITests */ = {
			isa = PBXGroup;
			children = (
				C4F7F6F01E780A3A00DD3A82 /* ActividadEnClase1IOSUITests.swift */,
				C4F7F6F21E780A3A00DD3A82 /* Info.plist */,
			);
			path = ActividadEnClase1IOSUITests;
			sourceTree = "<group>";
		};
		F496B3FB453EAB5FBB63AE6B /* Pods */ = {
			isa = PBXGroup;
			children = (
				2DF5D72382120F05E2D53085 /* Pods-ActividadEnClase1IOS.debug.xcconfig */,
				11ABD46C0E0E753BFE596E03 /* Pods-ActividadEnClase1IOS.release.xcconfig */,
				2E759F098B33AE66F92B8117 /* Pods-ActividadEnClase1IOSTests.debug.xcconfig */,
				857104F05CB510824CD15285 /* Pods-ActividadEnClase1IOSTests.release.xcconfig */,
				F403F0AE5018E5F8232E7546 /* Pods-ActividadEnClase1IOSUITests.debug.xcconfig */,
				6096D921E752AE002C483D60 /* Pods-ActividadEnClase1IOSUITests.release.xcconfig */,
			);
			name = Pods;
			sourceTree = "<group>";
		};
/* End PBXGroup section */

/* Begin PBXNativeTarget section */
		C4F7F6CC1E780A3A00DD3A82 /* ActividadEnClase1IOS */ = {
			isa = PBXNativeTarget;
			buildConfigurationList = C4F7F6F51E780A3A00DD3A82 /* Build configuration list for PBXNativeTarget "ActividadEnClase1IOS" */;
			buildPhases = (
				10BBE9FF8EFD976DD5D0489E /* [CP] Check Pods Manifest.lock */,
				C4F7F6C91E780A3A00DD3A82 /* Sources */,
				C4F7F6CA1E780A3A00DD3A82 /* Frameworks */,
				C4F7F6CB1E780A3A00DD3A82 /* Resources */,
				8ADA0444E060B16D96EA0896 /* [CP] Embed Pods Frameworks */,
				1E500EDCF1C4DBA6DC00C63B /* [CP] Copy Pods Resources */,
			);
			buildRules = (
			);
			dependencies = (
			);
			name = ActividadEnClase1IOS;
			productName = ActividadEnClase1IOS;
			productReference = C4F7F6CD1E780A3A00DD3A82 /* ActividadEnClase1IOS.app */;
			productType = "com.apple.product-type.application";
		};
		C4F7F6E01E780A3A00DD3A82 /* ActividadEnClase1IOSTests */ = {
			isa = PBXNativeTarget;
			buildConfigurationList = C4F7F6F81E780A3A00DD3A82 /* Build configuration list for PBXNativeTarget "ActividadEnClase1IOSTests" */;
			buildPhases = (
				4ED031283943DFDF6E93CCFC /* [CP] Check Pods Manifest.lock */,
				C4F7F6DD1E780A3A00DD3A82 /* Sources */,
				C4F7F6DE1E780A3A00DD3A82 /* Frameworks */,
				C4F7F6DF1E780A3A00DD3A82 /* Resources */,
				CEAA8F158DBE676E4E50607D /* [CP] Embed Pods Frameworks */,
				BE133CA8CC763C0BACFD1B78 /* [CP] Copy Pods Resources */,
			);
			buildRules = (
			);
			dependencies = (
				C4F7F6E31E780A3A00DD3A82 /* PBXTargetDependency */,
			);
			name = ActividadEnClase1IOSTests;
			productName = ActividadEnClase1IOSTests;
			productReference = C4F7F6E11E780A3A00DD3A82 /* ActividadEnClase1IOSTests.xctest */;
			productType = "com.apple.product-type.bundle.unit-test";
		};
		C4F7F6EB1E780A3A00DD3A82 /* ActividadEnClase1IOSUITests */ = {
			isa = PBXNativeTarget;
			buildConfigurationList = C4F7F6FB1E780A3A00DD3A82 /* Build configuration list for PBXNativeTarget "ActividadEnClase1IOSUITests" */;
			buildPhases = (
				92D0DCC3836AC5DBD77D96EF /* [CP] Check Pods Manifest.lock */,
				C4F7F6E81E780A3A00DD3A82 /* Sources */,
				C4F7F6E91E780A3A00DD3A82 /* Frameworks */,
				C4F7F6EA1E780A3A00DD3A82 /* Resources */,
				EEBE9F0DAE5555DBE6AA5A23 /* [CP] Embed Pods Frameworks */,
				38EF669CB3E1F8EB923CD984 /* [CP] Copy Pods Resources */,
			);
			buildRules = (
			);
			dependencies = (
				C4F7F6EE1E780A3A00DD3A82 /* PBXTargetDependency */,
			);
			name = ActividadEnClase1IOSUITests;
			productName = ActividadEnClase1IOSUITests;
			productReference = C4F7F6EC1E780A3A00DD3A82 /* ActividadEnClase1IOSUITests.xctest */;
			productType = "com.apple.product-type.bundle.ui-testing";
		};
/* End PBXNativeTarget section */

/* Begin PBXProject section */
		C4F7F6C51E780A3A00DD3A82 /* Project object */ = {
			isa = PBXProject;
			attributes = {
				LastSwiftUpdateCheck = 0820;
				LastUpgradeCheck = 0820;
				ORGANIZATIONNAME = "U-tad";
				TargetAttributes = {
					C4F7F6CC1E780A3A00DD3A82 = {
						CreatedOnToolsVersion = 8.2.1;
						ProvisioningStyle = Automatic;
						SystemCapabilities = {
							com.apple.Maps.iOS = {
								enabled = 0;
							};
						};
					};
					C4F7F6E01E780A3A00DD3A82 = {
						CreatedOnToolsVersion = 8.2.1;
						ProvisioningStyle = Automatic;
						TestTargetID = C4F7F6CC1E780A3A00DD3A82;
					};
					C4F7F6EB1E780A3A00DD3A82 = {
						CreatedOnToolsVersion = 8.2.1;
						ProvisioningStyle = Automatic;
						TestTargetID = C4F7F6CC1E780A3A00DD3A82;
					};
				};
			};
			buildConfigurationList = C4F7F6C81E780A3A00DD3A82 /* Build configuration list for PBXProject "ActividadEnClase1IOS" */;
			compatibilityVersion = "Xcode 3.2";
			developmentRegion = English;
			hasScannedForEncodings = 0;
			knownRegions = (
				en,
				Base,
			);
			mainGroup = C4F7F6C41E780A3A00DD3A82;
			productRefGroup = C4F7F6CE1E780A3A00DD3A82 /* Products */;
			projectDirPath = "";
			projectRoot = "";
			targets = (
				C4F7F6CC1E780A3A00DD3A82 /* ActividadEnClase1IOS */,
				C4F7F6E01E780A3A00DD3A82 /* ActividadEnClase1IOSTests */,
				C4F7F6EB1E780A3A00DD3A82 /* ActividadEnClase1IOSUITests */,
			);
		};
/* End PBXProject section */

/* Begin PBXResourcesBuildPhase section */
		C4F7F6CB1E780A3A00DD3A82 /* Resources */ = {
			isa = PBXResourcesBuildPhase;
			buildActionMask = 2147483647;
			files = (
				C4F7F6DB1E780A3A00DD3A82 /* LaunchScreen.storyboard in Resources */,
				C4F7F6D81E780A3A00DD3A82 /* Assets.xcassets in Resources */,
				C45230551E8125790084417F /* igalia_m.jpg in Resources */,
				C43478BE1E93F7F800970E95 /* GoogleService-Info.plist in Resources */,
				C4869FF81E8199A200F2405E /* Main.storyboard in Resources */,
			);
			runOnlyForDeploymentPostprocessing = 0;
		};
		C4F7F6DF1E780A3A00DD3A82 /* Resources */ = {
			isa = PBXResourcesBuildPhase;
			buildActionMask = 2147483647;
			files = (
			);
			runOnlyForDeploymentPostprocessing = 0;
		};
		C4F7F6EA1E780A3A00DD3A82 /* Resources */ = {
			isa = PBXResourcesBuildPhase;
			buildActionMask = 2147483647;
			files = (
			);
			runOnlyForDeploymentPostprocessing = 0;
		};
/* End PBXResourcesBuildPhase section */

/* Begin PBXShellScriptBuildPhase section */
		10BBE9FF8EFD976DD5D0489E /* [CP] Check Pods Manifest.lock */ = {
			isa = PBXShellScriptBuildPhase;
			buildActionMask = 2147483647;
			files = (
			);
			inputPaths = (
			);
			name = "[CP] Check Pods Manifest.lock";
			outputPaths = (
			);
			runOnlyForDeploymentPostprocessing = 0;
			shellPath = /bin/sh;
			shellScript = "diff \"${PODS_ROOT}/../Podfile.lock\" \"${PODS_ROOT}/Manifest.lock\" > /dev/null\nif [ $? != 0 ] ; then\n    # print error to STDERR\n    echo \"error: The sandbox is not in sync with the Podfile.lock. Run 'pod install' or update your CocoaPods installation.\" >&2\n    exit 1\nfi\n";
			showEnvVarsInLog = 0;
		};
		1E500EDCF1C4DBA6DC00C63B /* [CP] Copy Pods Resources */ = {
			isa = PBXShellScriptBuildPhase;
			buildActionMask = 2147483647;
			files = (
			);
			inputPaths = (
			);
			name = "[CP] Copy Pods Resources";
			outputPaths = (
			);
			runOnlyForDeploymentPostprocessing = 0;
			shellPath = /bin/sh;
			shellScript = "\"${SRCROOT}/Pods/Target Support Files/Pods-ActividadEnClase1IOS/Pods-ActividadEnClase1IOS-resources.sh\"\n";
			showEnvVarsInLog = 0;
		};
		38EF669CB3E1F8EB923CD984 /* [CP] Copy Pods Resources */ = {
			isa = PBXShellScriptBuildPhase;
			buildActionMask = 2147483647;
			files = (
			);
			inputPaths = (
			);
			name = "[CP] Copy Pods Resources";
			outputPaths = (
			);
			runOnlyForDeploymentPostprocessing = 0;
			shellPath = /bin/sh;
			shellScript = "\"${SRCROOT}/Pods/Target Support Files/Pods-ActividadEnClase1IOSUITests/Pods-ActividadEnClase1IOSUITests-resources.sh\"\n";
			showEnvVarsInLog = 0;
		};
		4ED031283943DFDF6E93CCFC /* [CP] Check Pods Manifest.lock */ = {
			isa = PBXShellScriptBuildPhase;
			buildActionMask = 2147483647;
			files = (
			);
			inputPaths = (
			);
			name = "[CP] Check Pods Manifest.lock";
			outputPaths = (
			);
			runOnlyForDeploymentPostprocessing = 0;
			shellPath = /bin/sh;
			shellScript = "diff \"${PODS_ROOT}/../Podfile.lock\" \"${PODS_ROOT}/Manifest.lock\" > /dev/null\nif [ $? != 0 ] ; then\n    # print error to STDERR\n    echo \"error: The sandbox is not in sync with the Podfile.lock. Run 'pod install' or update your CocoaPods installation.\" >&2\n    exit 1\nfi\n";
			showEnvVarsInLog = 0;
		};
		8ADA0444E060B16D96EA0896 /* [CP] Embed Pods Frameworks */ = {
			isa = PBXShellScriptBuildPhase;
			buildActionMask = 2147483647;
			files = (
			);
			inputPaths = (
			);
			name = "[CP] Embed Pods Frameworks";
			outputPaths = (
			);
			runOnlyForDeploymentPostprocessing = 0;
			shellPath = /bin/sh;
			shellScript = "\"${SRCROOT}/Pods/Target Support Files/Pods-ActividadEnClase1IOS/Pods-ActividadEnClase1IOS-frameworks.sh\"\n";
			showEnvVarsInLog = 0;
		};
		92D0DCC3836AC5DBD77D96EF /* [CP] Check Pods Manifest.lock */ = {
			isa = PBXShellScriptBuildPhase;
			buildActionMask = 2147483647;
			files = (
			);
			inputPaths = (
			);
			name = "[CP] Check Pods Manifest.lock";
			outputPaths = (
			);
			runOnlyForDeploymentPostprocessing = 0;
			shellPath = /bin/sh;
			shellScript = "diff \"${PODS_ROOT}/../Podfile.lock\" \"${PODS_ROOT}/Manifest.lock\" > /dev/null\nif [ $? != 0 ] ; then\n    # print error to STDERR\n    echo \"error: The sandbox is not in sync with the Podfile.lock. Run 'pod install' or update your CocoaPods installation.\" >&2\n    exit 1\nfi\n";
			showEnvVarsInLog = 0;
		};
		BE133CA8CC763C0BACFD1B78 /* [CP] Copy Pods Resources */ = {
			isa = PBXShellScriptBuildPhase;
			buildActionMask = 2147483647;
			files = (
			);
			inputPaths = (
			);
			name = "[CP] Copy Pods Resources";
			outputPaths = (
			);
			runOnlyForDeploymentPostprocessing = 0;
			shellPath = /bin/sh;
			shellScript = "\"${SRCROOT}/Pods/Target Support Files/Pods-ActividadEnClase1IOSTests/Pods-ActividadEnClase1IOSTests-resources.sh\"\n";
			showEnvVarsInLog = 0;
		};
		CEAA8F158DBE676E4E50607D /* [CP] Embed Pods Frameworks */ = {
			isa = PBXShellScriptBuildPhase;
			buildActionMask = 2147483647;
			files = (
			);
			inputPaths = (
			);
			name = "[CP] Embed Pods Frameworks";
			outputPaths = (
			);
			runOnlyForDeploymentPostprocessing = 0;
			shellPath = /bin/sh;
			shellScript = "\"${SRCROOT}/Pods/Target Support Files/Pods-ActividadEnClase1IOSTests/Pods-ActividadEnClase1IOSTests-frameworks.sh\"\n";
			showEnvVarsInLog = 0;
		};
		EEBE9F0DAE5555DBE6AA5A23 /* [CP] Embed Pods Frameworks */ = {
			isa = PBXShellScriptBuildPhase;
			buildActionMask = 2147483647;
			files = (
			);
			inputPaths = (
			);
			name = "[CP] Embed Pods Frameworks";
			outputPaths = (
			);
			runOnlyForDeploymentPostprocessing = 0;
			shellPath = /bin/sh;
			shellScript = "\"${SRCROOT}/Pods/Target Support Files/Pods-ActividadEnClase1IOSUITests/Pods-ActividadEnClase1IOSUITests-frameworks.sh\"\n";
			showEnvVarsInLog = 0;
		};
/* End PBXShellScriptBuildPhase section */

/* Begin PBXSourcesBuildPhase section */
		C4F7F6C91E780A3A00DD3A82 /* Sources */ = {
			isa = PBXSourcesBuildPhase;
			buildActionMask = 2147483647;
			files = (
				C4F7F6D31E780A3A00DD3A82 /* ViewControllerLogin.swift in Sources */,
				C49AAFB21E8A5800000B4A6C /* TVCMiCelda.swift in Sources */,
				C405D6EF1E8ABF18008AD570 /* Maps.swift in Sources */,
				C4869FF51E81960000F2405E /* ViewControllerRegistro.swift in Sources */,
				C41D92BE1EA8A26000CB7C32 /* LocationAdmin.swift in Sources */,
				C4F7F6D11E780A3A00DD3A82 /* AppDelegate.swift in Sources */,
				C4ECC09E1E8A8E0100D549D3 /* VCConexion.swift in Sources */,
				C4869FFA1E81A23300F2405E /* DataHolder.swift in Sources */,
				C4067AE31E8AB33100F9C7F4 /* CVCMiCelda.swift in Sources */,
				C47967521EA7D229005A5151 /* Usuario.swift in Sources */,
				C4000C081E898DFD0040F9E0 /* VCtabla.swift in Sources */,
			);
			runOnlyForDeploymentPostprocessing = 0;
		};
		C4F7F6DD1E780A3A00DD3A82 /* Sources */ = {
			isa = PBXSourcesBuildPhase;
			buildActionMask = 2147483647;
			files = (
				C4F7F6E61E780A3A00DD3A82 /* ActividadEnClase1IOSTests.swift in Sources */,
			);
			runOnlyForDeploymentPostprocessing = 0;
		};
		C4F7F6E81E780A3A00DD3A82 /* Sources */ = {
			isa = PBXSourcesBuildPhase;
			buildActionMask = 2147483647;
			files = (
				C4F7F6F11E780A3A00DD3A82 /* ActividadEnClase1IOSUITests.swift in Sources */,
			);
			runOnlyForDeploymentPostprocessing = 0;
		};
/* End PBXSourcesBuildPhase section */

/* Begin PBXTargetDependency section */
		C4F7F6E31E780A3A00DD3A82 /* PBXTargetDependency */ = {
			isa = PBXTargetDependency;
			target = C4F7F6CC1E780A3A00DD3A82 /* ActividadEnClase1IOS */;
			targetProxy = C4F7F6E21E780A3A00DD3A82 /* PBXContainerItemProxy */;
		};
		C4F7F6EE1E780A3A00DD3A82 /* PBXTargetDependency */ = {
			isa = PBXTargetDependency;
			target = C4F7F6CC1E780A3A00DD3A82 /* ActividadEnClase1IOS */;
			targetProxy = C4F7F6ED1E780A3A00DD3A82 /* PBXContainerItemProxy */;
		};
/* End PBXTargetDependency section */

/* Begin PBXVariantGroup section */
		C4869FF61E8199A200F2405E /* Main.storyboard */ = {
			isa = PBXVariantGroup;
			children = (
				C4869FF71E8199A200F2405E /* Base */,
			);
			name = Main.storyboard;
			path = ..;
			sourceTree = "<group>";
		};
		C4F7F6D91E780A3A00DD3A82 /* LaunchScreen.storyboard */ = {
			isa = PBXVariantGroup;
			children = (
				C4F7F6DA1E780A3A00DD3A82 /* Base */,
			);
			name = LaunchScreen.storyboard;
			sourceTree = "<group>";
		};
/* End PBXVariantGroup section */

/* Begin XCBuildConfiguration section */
		C4F7F6F31E780A3A00DD3A82 /* Debug */ = {
			isa = XCBuildConfiguration;
			buildSettings = {
				ALWAYS_SEARCH_USER_PATHS = NO;
				CLANG_ANALYZER_NONNULL = YES;
				CLANG_CXX_LANGUAGE_STANDARD = "gnu++0x";
				CLANG_CXX_LIBRARY = "libc++";
				CLANG_ENABLE_MODULES = YES;
				CLANG_ENABLE_OBJC_ARC = YES;
				CLANG_WARN_BOOL_CONVERSION = YES;
				CLANG_WARN_CONSTANT_CONVERSION = YES;
				CLANG_WARN_DIRECT_OBJC_ISA_USAGE = YES_ERROR;
				CLANG_WARN_DOCUMENTATION_COMMENTS = YES;
				CLANG_WARN_EMPTY_BODY = YES;
				CLANG_WARN_ENUM_CONVERSION = YES;
				CLANG_WARN_INFINITE_RECURSION = YES;
				CLANG_WARN_INT_CONVERSION = YES;
				CLANG_WARN_OBJC_ROOT_CLASS = YES_ERROR;
				CLANG_WARN_SUSPICIOUS_MOVE = YES;
				CLANG_WARN_UNREACHABLE_CODE = YES;
				CLANG_WARN__DUPLICATE_METHOD_MATCH = YES;
				"CODE_SIGN_IDENTITY[sdk=iphoneos*]" = "iPhone Developer";
				COPY_PHASE_STRIP = NO;
				DEBUG_INFORMATION_FORMAT = dwarf;
				ENABLE_STRICT_OBJC_MSGSEND = YES;
				ENABLE_TESTABILITY = YES;
				GCC_C_LANGUAGE_STANDARD = gnu99;
				GCC_DYNAMIC_NO_PIC = NO;
				GCC_NO_COMMON_BLOCKS = YES;
				GCC_OPTIMIZATION_LEVEL = 0;
				GCC_PREPROCESSOR_DEFINITIONS = (
					"DEBUG=1",
					"$(inherited)",
				);
				GCC_WARN_64_TO_32_BIT_CONVERSION = YES;
				GCC_WARN_ABOUT_RETURN_TYPE = YES_ERROR;
				GCC_WARN_UNDECLARED_SELECTOR = YES;
				GCC_WARN_UNINITIALIZED_AUTOS = YES_AGGRESSIVE;
				GCC_WARN_UNUSED_FUNCTION = YES;
				GCC_WARN_UNUSED_VARIABLE = YES;
				IPHONEOS_DEPLOYMENT_TARGET = 10.2;
				MTL_ENABLE_DEBUG_INFO = YES;
				ONLY_ACTIVE_ARCH = YES;
				SDKROOT = iphoneos;
				SWIFT_ACTIVE_COMPILATION_CONDITIONS = DEBUG;
				SWIFT_OPTIMIZATION_LEVEL = "-Onone";
			};
			name = Debug;
		};
		C4F7F6F41E780A3A00DD3A82 /* Release */ = {
			isa = XCBuildConfiguration;
			buildSettings = {
				ALWAYS_SEARCH_USER_PATHS = NO;
				CLANG_ANALYZER_NONNULL = YES;
				CLANG_CXX_LANGUAGE_STANDARD = "gnu++0x";
				CLANG_CXX_LIBRARY = "libc++";
				CLANG_ENABLE_MODULES = YES;
				CLANG_ENABLE_OBJC_ARC = YES;
				CLANG_WARN_BOOL_CONVERSION = YES;
				CLANG_WARN_CONSTANT_CONVERSION = YES;
				CLANG_WARN_DIRECT_OBJC_ISA_USAGE = YES_ERROR;
				CLANG_WARN_DOCUMENTATION_COMMENTS = YES;
				CLANG_WARN_EMPTY_BODY = YES;
				CLANG_WARN_ENUM_CONVERSION = YES;
				CLANG_WARN_INFINITE_RECURSION = YES;
				CLANG_WARN_INT_CONVERSION = YES;
				CLANG_WARN_OBJC_ROOT_CLASS = YES_ERROR;
				CLANG_WARN_SUSPICIOUS_MOVE = YES;
				CLANG_WARN_UNREACHABLE_CODE = YES;
				CLANG_WARN__DUPLICATE_METHOD_MATCH = YES;
				"CODE_SIGN_IDENTITY[sdk=iphoneos*]" = "iPhone Developer";
				COPY_PHASE_STRIP = NO;
				DEBUG_INFORMATION_FORMAT = "dwarf-with-dsym";
				ENABLE_NS_ASSERTIONS = NO;
				ENABLE_STRICT_OBJC_MSGSEND = YES;
				GCC_C_LANGUAGE_STANDARD = gnu99;
				GCC_NO_COMMON_BLOCKS = YES;
				GCC_WARN_64_TO_32_BIT_CONVERSION = YES;
				GCC_WARN_ABOUT_RETURN_TYPE = YES_ERROR;
				GCC_WARN_UNDECLARED_SELECTOR = YES;
				GCC_WARN_UNINITIALIZED_AUTOS = YES_AGGRESSIVE;
				GCC_WARN_UNUSED_FUNCTION = YES;
				GCC_WARN_UNUSED_VARIABLE = YES;
				IPHONEOS_DEPLOYMENT_TARGET = 10.2;
				MTL_ENABLE_DEBUG_INFO = NO;
				SDKROOT = iphoneos;
				SWIFT_OPTIMIZATION_LEVEL = "-Owholemodule";
				VALIDATE_PRODUCT = YES;
			};
			name = Release;
		};
		C4F7F6F61E780A3A00DD3A82 /* Debug */ = {
			isa = XCBuildConfiguration;
			baseConfigurationReference = 2DF5D72382120F05E2D53085 /* Pods-ActividadEnClase1IOS.debug.xcconfig */;
			buildSettings = {
				ASSETCATALOG_COMPILER_APPICON_NAME = AppIcon;
				INFOPLIST_FILE = ActividadEnClase1IOS/Info.plist;
				LD_RUNPATH_SEARCH_PATHS = "$(inherited) @executable_path/Frameworks";
				PRODUCT_BUNDLE_IDENTIFIER = "U-tad.ActividadEnClase1IOS";
				PRODUCT_NAME = "$(TARGET_NAME)";
				SWIFT_VERSION = 3.0;
			};
			name = Debug;
		};
		C4F7F6F71E780A3A00DD3A82 /* Release */ = {
			isa = XCBuildConfiguration;
			baseConfigurationReference = 11ABD46C0E0E753BFE596E03 /* Pods-ActividadEnClase1IOS.release.xcconfig */;
			buildSettings = {
				ASSETCATALOG_COMPILER_APPICON_NAME = AppIcon;
				INFOPLIST_FILE = ActividadEnClase1IOS/Info.plist;
				LD_RUNPATH_SEARCH_PATHS = "$(inherited) @executable_path/Frameworks";
				PRODUCT_BUNDLE_IDENTIFIER = "U-tad.ActividadEnClase1IOS";
				PRODUCT_NAME = "$(TARGET_NAME)";
				SWIFT_VERSION = 3.0;
			};
			name = Release;
		};
		C4F7F6F91E780A3A00DD3A82 /* Debug */ = {
			isa = XCBuildConfiguration;
			baseConfigurationReference = 2E759F098B33AE66F92B8117 /* Pods-ActividadEnClase1IOSTests.debug.xcconfig */;
			buildSettings = {
				ALWAYS_EMBED_SWIFT_STANDARD_LIBRARIES = YES;
				BUNDLE_LOADER = "$(TEST_HOST)";
				INFOPLIST_FILE = ActividadEnClase1IOSTests/Info.plist;
				LD_RUNPATH_SEARCH_PATHS = "$(inherited) @executable_path/Frameworks @loader_path/Frameworks";
				PRODUCT_BUNDLE_IDENTIFIER = "U-tad.ActividadEnClase1IOSTests";
				PRODUCT_NAME = "$(TARGET_NAME)";
				SWIFT_VERSION = 3.0;
				TEST_HOST = "$(BUILT_PRODUCTS_DIR)/ActividadEnClase1IOS.app/ActividadEnClase1IOS";
			};
			name = Debug;
		};
		C4F7F6FA1E780A3A00DD3A82 /* Release */ = {
			isa = XCBuildConfiguration;
			baseConfigurationReference = 857104F05CB510824CD15285 /* Pods-ActividadEnClase1IOSTests.release.xcconfig */;
			buildSettings = {
				ALWAYS_EMBED_SWIFT_STANDARD_LIBRARIES = YES;
				BUNDLE_LOADER = "$(TEST_HOST)";
				INFOPLIST_FILE = ActividadEnClase1IOSTests/Info.plist;
				LD_RUNPATH_SEARCH_PATHS = "$(inherited) @executable_path/Frameworks @loader_path/Frameworks";
				PRODUCT_BUNDLE_IDENTIFIER = "U-tad.ActividadEnClase1IOSTests";
				PRODUCT_NAME = "$(TARGET_NAME)";
				SWIFT_VERSION = 3.0;
				TEST_HOST = "$(BUILT_PRODUCTS_DIR)/ActividadEnClase1IOS.app/ActividadEnClase1IOS";
			};
			name = Release;
		};
		C4F7F6FC1E780A3A00DD3A82 /* Debug */ = {
			isa = XCBuildConfiguration;
			baseConfigurationReference = F403F0AE5018E5F8232E7546 /* Pods-ActividadEnClase1IOSUITests.debug.xcconfig */;
			buildSettings = {
				ALWAYS_EMBED_SWIFT_STANDARD_LIBRARIES = YES;
				INFOPLIST_FILE = ActividadEnClase1IOSUITests/Info.plist;
				LD_RUNPATH_SEARCH_PATHS = "$(inherited) @executable_path/Frameworks @loader_path/Frameworks";
				PRODUCT_BUNDLE_IDENTIFIER = "U-tad.ActividadEnClase1IOSUITests";
				PRODUCT_NAME = "$(TARGET_NAME)";
				SWIFT_VERSION = 3.0;
				TEST_TARGET_NAME = ActividadEnClase1IOS;
			};
			name = Debug;
		};
		C4F7F6FD1E780A3A00DD3A82 /* Release */ = {
			isa = XCBuildConfiguration;
			baseConfigurationReference = 6096D921E752AE002C483D60 /* Pods-ActividadEnClase1IOSUITests.release.xcconfig */;
			buildSettings = {
				ALWAYS_EMBED_SWIFT_STANDARD_LIBRARIES = YES;
				INFOPLIST_FILE = ActividadEnClase1IOSUITests/Info.plist;
				LD_RUNPATH_SEARCH_PATHS = "$(inherited) @executable_path/Frameworks @loader_path/Frameworks";
				PRODUCT_BUNDLE_IDENTIFIER = "U-tad.ActividadEnClase1IOSUITests";
				PRODUCT_NAME = "$(TARGET_NAME)";
				SWIFT_VERSION = 3.0;
				TEST_TARGET_NAME = ActividadEnClase1IOS;
			};
			name = Release;
		};
/* End XCBuildConfiguration section */

/* Begin XCConfigurationList section */
		C4F7F6C81E780A3A00DD3A82 /* Build configuration list for PBXProject "ActividadEnClase1IOS" */ = {
			isa = XCConfigurationList;
			buildConfigurations = (
				C4F7F6F31E780A3A00DD3A82 /* Debug */,
				C4F7F6F41E780A3A00DD3A82 /* Release */,
			);
			defaultConfigurationIsVisible = 0;
			defaultConfigurationName = Release;
		};
		C4F7F6F51E780A3A00DD3A82 /* Build configuration list for PBXNativeTarget "ActividadEnClase1IOS" */ = {
			isa = XCConfigurationList;
			buildConfigurations = (
				C4F7F6F61E780A3A00DD3A82 /* Debug */,
				C4F7F6F71E780A3A00DD3A82 /* Release */,
			);
			defaultConfigurationIsVisible = 0;
			defaultConfigurationName = Release;
		};
		C4F7F6F81E780A3A00DD3A82 /* Build configuration list for PBXNativeTarget "ActividadEnClase1IOSTests" */ = {
			isa = XCConfigurationList;
			buildConfigurations = (
				C4F7F6F91E780A3A00DD3A82 /* Debug */,
				C4F7F6FA1E780A3A00DD3A82 /* Release */,
			);
			defaultConfigurationIsVisible = 0;
			defaultConfigurationName = Release;
		};
		C4F7F6FB1E780A3A00DD3A82 /* Build configuration list for PBXNativeTarget "ActividadEnClase1IOSUITests" */ = {
			isa = XCConfigurationList;
			buildConfigurations = (
				C4F7F6FC1E780A3A00DD3A82 /* Debug */,
				C4F7F6FD1E780A3A00DD3A82 /* Release */,
			);
			defaultConfigurationIsVisible = 0;
			defaultConfigurationName = Release;
		};
/* End XCConfigurationList section */
	};
	rootObject = C4F7F6C51E780A3A00DD3A82 /* Project object */;
}
